// !$*UTF8*$!
{
	archiveVersion = 1;
	classes = {
	};
	objectVersion = 46;
	objects = {

/* Begin PBXBuildFile section */
		5318C34C00A4AEB003333B55 /* Pods_SwipeTest.framework in Frameworks */ = {isa = PBXBuildFile; fileRef = 9CF8EC29AB6E195796A33E52 /* Pods_SwipeTest.framework */; };
		650A193C1CCCA71D0034E300 /* .gitignore in Resources */ = {isa = PBXBuildFile; fileRef = 650A19351CCCA71D0034E300 /* .gitignore */; };
		650A193D1CCCA71D0034E300 /* Default-568h@2x.png in Resources */ = {isa = PBXBuildFile; fileRef = 650A19371CCCA71D0034E300 /* Default-568h@2x.png */; };
		650A193E1CCCA71D0034E300 /* Default-667h@2x.png in Resources */ = {isa = PBXBuildFile; fileRef = 650A19381CCCA71D0034E300 /* Default-667h@2x.png */; };
		650A193F1CCCA71D0034E300 /* Default-736h@3x.png in Resources */ = {isa = PBXBuildFile; fileRef = 650A19391CCCA71D0034E300 /* Default-736h@3x.png */; };
		650A19401CCCA71D0034E300 /* README.md in Sources */ = {isa = PBXBuildFile; fileRef = 650A193A1CCCA71D0034E300 /* README.md */; };
		650A19411CCCA71D0034E300 /* StoryboardHelper.swift in Sources */ = {isa = PBXBuildFile; fileRef = 650A193B1CCCA71D0034E300 /* StoryboardHelper.swift */; };
		650A19431CCCA7DC0034E300 /* 3.5inch.Storyboard in Resources */ = {isa = PBXBuildFile; fileRef = 650A19421CCCA7DC0034E300 /* 3.5inch.Storyboard */; };
		6569C8801D0ADBC600CA5010 /* picture.png in Resources */ = {isa = PBXBuildFile; fileRef = 6569C8791D0ADBC600CA5010 /* picture.png */; };
		6569C8811D0ADBC600CA5010 /* photo-camera.png in Resources */ = {isa = PBXBuildFile; fileRef = 6569C87A1D0ADBC600CA5010 /* photo-camera.png */; };
		6569C8821D0ADBC600CA5010 /* garbage.png in Resources */ = {isa = PBXBuildFile; fileRef = 6569C87B1D0ADBC600CA5010 /* garbage.png */; };
		6569C8831D0ADBC600CA5010 /* checked.png in Resources */ = {isa = PBXBuildFile; fileRef = 6569C87C1D0ADBC600CA5010 /* checked.png */; };
		6569C8841D0ADBC600CA5010 /* folder-3.png in Resources */ = {isa = PBXBuildFile; fileRef = 6569C87D1D0ADBC600CA5010 /* folder-3.png */; };
		6569C8851D0ADBC600CA5010 /* send.png in Resources */ = {isa = PBXBuildFile; fileRef = 6569C87E1D0ADBC600CA5010 /* send.png */; };
		6569C8861D0ADBC600CA5010 /* folder-2.png in Resources */ = {isa = PBXBuildFile; fileRef = 6569C87F1D0ADBC600CA5010 /* folder-2.png */; };
		6569C8881D0ADDAD00CA5010 /* folder-4.png in Resources */ = {isa = PBXBuildFile; fileRef = 6569C8871D0ADDAD00CA5010 /* folder-4.png */; };
		6569C88A1D0ADDE900CA5010 /* garbage-2.png in Resources */ = {isa = PBXBuildFile; fileRef = 6569C8891D0ADDE900CA5010 /* garbage-2.png */; };
		6569C88C1D14057E00CA5010 /* checked-2.png in Resources */ = {isa = PBXBuildFile; fileRef = 6569C88B1D14057E00CA5010 /* checked-2.png */; };
		6569E6461D14127200CA5010 /* send-2.png in Resources */ = {isa = PBXBuildFile; fileRef = 6569E6451D14127200CA5010 /* send-2.png */; };
		6574FDA31BC9F3530057FDAB /* オリジナルアプリ-背景.png in Resources */ = {isa = PBXBuildFile; fileRef = 6574FDA21BC9F3530057FDAB /* オリジナルアプリ-背景.png */; };
		6574FDA51BCA21550057FDAB /* オリジナルアプリ-背景2.png in Resources */ = {isa = PBXBuildFile; fileRef = 6574FDA41BCA21550057FDAB /* オリジナルアプリ-背景2.png */; };
		6574FDA91BCA2DB10057FDAB /* SecondViewController.swift in Sources */ = {isa = PBXBuildFile; fileRef = 6574FDA81BCA2DB10057FDAB /* SecondViewController.swift */; };
		659DDE721D168EBF009BC045 /* Contents.json in Resources */ = {isa = PBXBuildFile; fileRef = 659DDE5C1D168EBF009BC045 /* Contents.json */; };
		659DDE731D168EBF009BC045 /* Icon-40.png in Resources */ = {isa = PBXBuildFile; fileRef = 659DDE5D1D168EBF009BC045 /* Icon-40.png */; };
		659DDE741D168EBF009BC045 /* Icon-40@2x.png in Resources */ = {isa = PBXBuildFile; fileRef = 659DDE5E1D168EBF009BC045 /* Icon-40@2x.png */; };
		659DDE751D168EBF009BC045 /* Icon-40@3x.png in Resources */ = {isa = PBXBuildFile; fileRef = 659DDE5F1D168EBF009BC045 /* Icon-40@3x.png */; };
		659DDE761D168EBF009BC045 /* Icon-60@2x.png in Resources */ = {isa = PBXBuildFile; fileRef = 659DDE601D168EBF009BC045 /* Icon-60@2x.png */; };
		659DDE771D168EBF009BC045 /* Icon-60@3x.png in Resources */ = {isa = PBXBuildFile; fileRef = 659DDE611D168EBF009BC045 /* Icon-60@3x.png */; };
		659DDE781D168EBF009BC045 /* Icon-76.png in Resources */ = {isa = PBXBuildFile; fileRef = 659DDE621D168EBF009BC045 /* Icon-76.png */; };
		659DDE791D168EBF009BC045 /* Icon-76@2x.png in Resources */ = {isa = PBXBuildFile; fileRef = 659DDE631D168EBF009BC045 /* Icon-76@2x.png */; };
		659DDE7A1D168EBF009BC045 /* Icon-83.5@2x.png in Resources */ = {isa = PBXBuildFile; fileRef = 659DDE641D168EBF009BC045 /* Icon-83.5@2x.png */; };
		659DDE7B1D168EBF009BC045 /* Icon-Small.png in Resources */ = {isa = PBXBuildFile; fileRef = 659DDE651D168EBF009BC045 /* Icon-Small.png */; };
		659DDE7C1D168EBF009BC045 /* Icon-Small@2x.png in Resources */ = {isa = PBXBuildFile; fileRef = 659DDE661D168EBF009BC045 /* Icon-Small@2x.png */; };
		659DDE7D1D168EBF009BC045 /* Icon-Small@3x.png in Resources */ = {isa = PBXBuildFile; fileRef = 659DDE671D168EBF009BC045 /* Icon-Small@3x.png */; };
		659DDE7E1D168EBF009BC045 /* Icon-60.png in Resources */ = {isa = PBXBuildFile; fileRef = 659DDE681D168EBF009BC045 /* Icon-60.png */; };
		659DDE7F1D168EBF009BC045 /* Icon-72.png in Resources */ = {isa = PBXBuildFile; fileRef = 659DDE691D168EBF009BC045 /* Icon-72.png */; };
		659DDE801D168EBF009BC045 /* Icon-72@2x.png in Resources */ = {isa = PBXBuildFile; fileRef = 659DDE6A1D168EBF009BC045 /* Icon-72@2x.png */; };
		659DDE811D168EBF009BC045 /* Icon-Small-50.png in Resources */ = {isa = PBXBuildFile; fileRef = 659DDE6B1D168EBF009BC045 /* Icon-Small-50.png */; };
		659DDE821D168EBF009BC045 /* Icon-Small-50@2x.png in Resources */ = {isa = PBXBuildFile; fileRef = 659DDE6C1D168EBF009BC045 /* Icon-Small-50@2x.png */; };
		659DDE831D168EBF009BC045 /* Icon.png in Resources */ = {isa = PBXBuildFile; fileRef = 659DDE6D1D168EBF009BC045 /* Icon.png */; };
		659DDE841D168EBF009BC045 /* Icon@2x.png in Resources */ = {isa = PBXBuildFile; fileRef = 659DDE6E1D168EBF009BC045 /* Icon@2x.png */; };
		659DDE851D168EBF009BC045 /* iTunesArtwork.png in Resources */ = {isa = PBXBuildFile; fileRef = 659DDE6F1D168EBF009BC045 /* iTunesArtwork.png */; };
		659DDE861D168EBF009BC045 /* iTunesArtwork@2x.png in Resources */ = {isa = PBXBuildFile; fileRef = 659DDE701D168EBF009BC045 /* iTunesArtwork@2x.png */; };
		65A9D03D1C01A4C400C3BFCB /* CardView.swift in Sources */ = {isa = PBXBuildFile; fileRef = 65A9D03B1C01A4C400C3BFCB /* CardView.swift */; };
		65A9D03E1C01A4C400C3BFCB /* OverlayView.xib in Resources */ = {isa = PBXBuildFile; fileRef = 65A9D03C1C01A4C400C3BFCB /* OverlayView.xib */; };
		65CAB8951B6DFEC90073C9BE /* AppDelegate.swift in Sources */ = {isa = PBXBuildFile; fileRef = 65CAB8941B6DFEC90073C9BE /* AppDelegate.swift */; };
		65CAB8971B6DFEC90073C9BE /* ViewController.swift in Sources */ = {isa = PBXBuildFile; fileRef = 65CAB8961B6DFEC90073C9BE /* ViewController.swift */; };
		65CAB89C1B6DFEC90073C9BE /* Images.xcassets in Resources */ = {isa = PBXBuildFile; fileRef = 65CAB89B1B6DFEC90073C9BE /* Images.xcassets */; };
		65CAB8AB1B6DFEC90073C9BE /* SwipeTestTests.swift in Sources */ = {isa = PBXBuildFile; fileRef = 65CAB8AA1B6DFEC90073C9BE /* SwipeTestTests.swift */; };
		65CAB8B51B7094E90073C9BE /* CompareViewController.swift in Sources */ = {isa = PBXBuildFile; fileRef = 65CAB8B41B7094E90073C9BE /* CompareViewController.swift */; };
		65D634D51B71E6F9001D6676 /* swipe 背景.png in Resources */ = {isa = PBXBuildFile; fileRef = 65D634D41B71E6F9001D6676 /* swipe 背景.png */; };
		65D634D71B71EAED001D6676 /* swipe背景2.png in Resources */ = {isa = PBXBuildFile; fileRef = 65D634D61B71EAED001D6676 /* swipe背景2.png */; };
		65D634D91B71EC69001D6676 /* swipe背景2(1).png in Resources */ = {isa = PBXBuildFile; fileRef = 65D634D81B71EC69001D6676 /* swipe背景2(1).png */; };
		65D634DC1B7251F8001D6676 /* swipe1(3).png in Resources */ = {isa = PBXBuildFile; fileRef = 65D634DA1B7251F8001D6676 /* swipe1(3).png */; };
		65D634DD1B7251F8001D6676 /* swipe背景2(2).png in Resources */ = {isa = PBXBuildFile; fileRef = 65D634DB1B7251F8001D6676 /* swipe背景2(2).png */; };
		65DD0AEA1BBD6DED00852464 /* オリジナルアプリ-ホーム.png in Resources */ = {isa = PBXBuildFile; fileRef = 65DD0AE91BBD6DED00852464 /* オリジナルアプリ-ホーム.png */; };
		65EF955B1BB7BFA00001308E /* Main.storyboard in Resources */ = {isa = PBXBuildFile; fileRef = 65EF955A1BB7BFA00001308E /* Main.storyboard */; };
/* End PBXBuildFile section */

/* Begin PBXContainerItemProxy section */
		65CAB8A51B6DFEC90073C9BE /* PBXContainerItemProxy */ = {
			isa = PBXContainerItemProxy;
			containerPortal = 65CAB8871B6DFEC90073C9BE /* Project object */;
			proxyType = 1;
			remoteGlobalIDString = 65CAB88E1B6DFEC90073C9BE;
			remoteInfo = SwipeTest;
		};
/* End PBXContainerItemProxy section */

/* Begin PBXFileReference section */
		16FDCDEAB0AFA17738BD3117 /* Pods-SwipeTest.debug.xcconfig */ = {isa = PBXFileReference; includeInIndex = 1; lastKnownFileType = text.xcconfig; name = "Pods-SwipeTest.debug.xcconfig"; path = "Pods/Target Support Files/Pods-SwipeTest/Pods-SwipeTest.debug.xcconfig"; sourceTree = "<group>"; };
		650A19351CCCA71D0034E300 /* .gitignore */ = {isa = PBXFileReference; fileEncoding = 4; lastKnownFileType = text; path = .gitignore; sourceTree = "<group>"; };
		650A19371CCCA71D0034E300 /* Default-568h@2x.png */ = {isa = PBXFileReference; lastKnownFileType = image.png; path = "Default-568h@2x.png"; sourceTree = "<group>"; };
		650A19381CCCA71D0034E300 /* Default-667h@2x.png */ = {isa = PBXFileReference; lastKnownFileType = image.png; path = "Default-667h@2x.png"; sourceTree = "<group>"; };
		650A19391CCCA71D0034E300 /* Default-736h@3x.png */ = {isa = PBXFileReference; lastKnownFileType = image.png; path = "Default-736h@3x.png"; sourceTree = "<group>"; };
		650A193A1CCCA71D0034E300 /* README.md */ = {isa = PBXFileReference; fileEncoding = 4; lastKnownFileType = net.daringfireball.markdown; path = README.md; sourceTree = "<group>"; };
		650A193B1CCCA71D0034E300 /* StoryboardHelper.swift */ = {isa = PBXFileReference; fileEncoding = 4; lastKnownFileType = sourcecode.swift; path = StoryboardHelper.swift; sourceTree = "<group>"; };
		650A19421CCCA7DC0034E300 /* 3.5inch.Storyboard */ = {isa = PBXFileReference; fileEncoding = 4; lastKnownFileType = file.storyboard; path = 3.5inch.Storyboard; sourceTree = "<group>"; };
		6569C8791D0ADBC600CA5010 /* picture.png */ = {isa = PBXFileReference; lastKnownFileType = image.png; path = picture.png; sourceTree = "<group>"; };
		6569C87A1D0ADBC600CA5010 /* photo-camera.png */ = {isa = PBXFileReference; lastKnownFileType = image.png; path = "photo-camera.png"; sourceTree = "<group>"; };
		6569C87B1D0ADBC600CA5010 /* garbage.png */ = {isa = PBXFileReference; lastKnownFileType = image.png; path = garbage.png; sourceTree = "<group>"; };
		6569C87C1D0ADBC600CA5010 /* checked.png */ = {isa = PBXFileReference; lastKnownFileType = image.png; path = checked.png; sourceTree = "<group>"; };
		6569C87D1D0ADBC600CA5010 /* folder-3.png */ = {isa = PBXFileReference; lastKnownFileType = image.png; path = "folder-3.png"; sourceTree = "<group>"; };
		6569C87E1D0ADBC600CA5010 /* send.png */ = {isa = PBXFileReference; lastKnownFileType = image.png; path = send.png; sourceTree = "<group>"; };
		6569C87F1D0ADBC600CA5010 /* folder-2.png */ = {isa = PBXFileReference; lastKnownFileType = image.png; path = "folder-2.png"; sourceTree = "<group>"; };
		6569C8871D0ADDAD00CA5010 /* folder-4.png */ = {isa = PBXFileReference; lastKnownFileType = image.png; path = "folder-4.png"; sourceTree = "<group>"; };
		6569C8891D0ADDE900CA5010 /* garbage-2.png */ = {isa = PBXFileReference; lastKnownFileType = image.png; path = "garbage-2.png"; sourceTree = "<group>"; };
		6569C88B1D14057E00CA5010 /* checked-2.png */ = {isa = PBXFileReference; lastKnownFileType = image.png; path = "checked-2.png"; sourceTree = "<group>"; };
		6569E6451D14127200CA5010 /* send-2.png */ = {isa = PBXFileReference; lastKnownFileType = image.png; path = "send-2.png"; sourceTree = "<group>"; };
		6574FDA21BC9F3530057FDAB /* オリジナルアプリ-背景.png */ = {isa = PBXFileReference; lastKnownFileType = image.png; path = "オリジナルアプリ-背景.png"; sourceTree = "<group>"; };
		6574FDA41BCA21550057FDAB /* オリジナルアプリ-背景2.png */ = {isa = PBXFileReference; lastKnownFileType = image.png; path = "オリジナルアプリ-背景2.png"; sourceTree = "<group>"; };
		6574FDA81BCA2DB10057FDAB /* SecondViewController.swift */ = {isa = PBXFileReference; fileEncoding = 4; lastKnownFileType = sourcecode.swift; path = SecondViewController.swift; sourceTree = "<group>"; };
		659DDE5C1D168EBF009BC045 /* Contents.json */ = {isa = PBXFileReference; fileEncoding = 4; lastKnownFileType = text.json; path = Contents.json; sourceTree = "<group>"; };
		659DDE5D1D168EBF009BC045 /* Icon-40.png */ = {isa = PBXFileReference; lastKnownFileType = image.png; path = "Icon-40.png"; sourceTree = "<group>"; };
		659DDE5E1D168EBF009BC045 /* Icon-40@2x.png */ = {isa = PBXFileReference; lastKnownFileType = image.png; path = "Icon-40@2x.png"; sourceTree = "<group>"; };
		659DDE5F1D168EBF009BC045 /* Icon-40@3x.png */ = {isa = PBXFileReference; lastKnownFileType = image.png; path = "Icon-40@3x.png"; sourceTree = "<group>"; };
		659DDE601D168EBF009BC045 /* Icon-60@2x.png */ = {isa = PBXFileReference; lastKnownFileType = image.png; path = "Icon-60@2x.png"; sourceTree = "<group>"; };
		659DDE611D168EBF009BC045 /* Icon-60@3x.png */ = {isa = PBXFileReference; lastKnownFileType = image.png; path = "Icon-60@3x.png"; sourceTree = "<group>"; };
		659DDE621D168EBF009BC045 /* Icon-76.png */ = {isa = PBXFileReference; lastKnownFileType = image.png; path = "Icon-76.png"; sourceTree = "<group>"; };
		659DDE631D168EBF009BC045 /* Icon-76@2x.png */ = {isa = PBXFileReference; lastKnownFileType = image.png; path = "Icon-76@2x.png"; sourceTree = "<group>"; };
		659DDE641D168EBF009BC045 /* Icon-83.5@2x.png */ = {isa = PBXFileReference; lastKnownFileType = image.png; path = "Icon-83.5@2x.png"; sourceTree = "<group>"; };
		659DDE651D168EBF009BC045 /* Icon-Small.png */ = {isa = PBXFileReference; lastKnownFileType = image.png; path = "Icon-Small.png"; sourceTree = "<group>"; };
		659DDE661D168EBF009BC045 /* Icon-Small@2x.png */ = {isa = PBXFileReference; lastKnownFileType = image.png; path = "Icon-Small@2x.png"; sourceTree = "<group>"; };
		659DDE671D168EBF009BC045 /* Icon-Small@3x.png */ = {isa = PBXFileReference; lastKnownFileType = image.png; path = "Icon-Small@3x.png"; sourceTree = "<group>"; };
		659DDE681D168EBF009BC045 /* Icon-60.png */ = {isa = PBXFileReference; lastKnownFileType = image.png; path = "Icon-60.png"; sourceTree = "<group>"; };
		659DDE691D168EBF009BC045 /* Icon-72.png */ = {isa = PBXFileReference; lastKnownFileType = image.png; path = "Icon-72.png"; sourceTree = "<group>"; };
		659DDE6A1D168EBF009BC045 /* Icon-72@2x.png */ = {isa = PBXFileReference; lastKnownFileType = image.png; path = "Icon-72@2x.png"; sourceTree = "<group>"; };
		659DDE6B1D168EBF009BC045 /* Icon-Small-50.png */ = {isa = PBXFileReference; lastKnownFileType = image.png; path = "Icon-Small-50.png"; sourceTree = "<group>"; };
		659DDE6C1D168EBF009BC045 /* Icon-Small-50@2x.png */ = {isa = PBXFileReference; lastKnownFileType = image.png; path = "Icon-Small-50@2x.png"; sourceTree = "<group>"; };
		659DDE6D1D168EBF009BC045 /* Icon.png */ = {isa = PBXFileReference; lastKnownFileType = image.png; path = Icon.png; sourceTree = "<group>"; };
		659DDE6E1D168EBF009BC045 /* Icon@2x.png */ = {isa = PBXFileReference; lastKnownFileType = image.png; path = "Icon@2x.png"; sourceTree = "<group>"; };
		659DDE6F1D168EBF009BC045 /* iTunesArtwork.png */ = {isa = PBXFileReference; lastKnownFileType = image.png; path = iTunesArtwork.png; sourceTree = "<group>"; };
		659DDE701D168EBF009BC045 /* iTunesArtwork@2x.png */ = {isa = PBXFileReference; lastKnownFileType = image.png; path = "iTunesArtwork@2x.png"; sourceTree = "<group>"; };
		65A9D03B1C01A4C400C3BFCB /* CardView.swift */ = {isa = PBXFileReference; fileEncoding = 4; lastKnownFileType = sourcecode.swift; path = CardView.swift; sourceTree = "<group>"; };
		65A9D03C1C01A4C400C3BFCB /* OverlayView.xib */ = {isa = PBXFileReference; fileEncoding = 4; lastKnownFileType = file.xib; path = OverlayView.xib; sourceTree = "<group>"; };
		65CAB88F1B6DFEC90073C9BE /* SwipeTest.app */ = {isa = PBXFileReference; explicitFileType = wrapper.application; includeInIndex = 0; path = SwipeTest.app; sourceTree = BUILT_PRODUCTS_DIR; };
		65CAB8931B6DFEC90073C9BE /* Info.plist */ = {isa = PBXFileReference; lastKnownFileType = text.plist.xml; path = Info.plist; sourceTree = "<group>"; };
		65CAB8941B6DFEC90073C9BE /* AppDelegate.swift */ = {isa = PBXFileReference; lastKnownFileType = sourcecode.swift; path = AppDelegate.swift; sourceTree = "<group>"; };
		65CAB8961B6DFEC90073C9BE /* ViewController.swift */ = {isa = PBXFileReference; lastKnownFileType = sourcecode.swift; path = ViewController.swift; sourceTree = "<group>"; };
		65CAB89B1B6DFEC90073C9BE /* Images.xcassets */ = {isa = PBXFileReference; lastKnownFileType = folder.assetcatalog; path = Images.xcassets; sourceTree = "<group>"; };
		65CAB8A41B6DFEC90073C9BE /* SwipeTestTests.xctest */ = {isa = PBXFileReference; explicitFileType = wrapper.cfbundle; includeInIndex = 0; path = SwipeTestTests.xctest; sourceTree = BUILT_PRODUCTS_DIR; };
		65CAB8A91B6DFEC90073C9BE /* Info.plist */ = {isa = PBXFileReference; lastKnownFileType = text.plist.xml; path = Info.plist; sourceTree = "<group>"; };
		65CAB8AA1B6DFEC90073C9BE /* SwipeTestTests.swift */ = {isa = PBXFileReference; lastKnownFileType = sourcecode.swift; path = SwipeTestTests.swift; sourceTree = "<group>"; };
		65CAB8B41B7094E90073C9BE /* CompareViewController.swift */ = {isa = PBXFileReference; fileEncoding = 4; lastKnownFileType = sourcecode.swift; path = CompareViewController.swift; sourceTree = "<group>"; };
		65D634D41B71E6F9001D6676 /* swipe 背景.png */ = {isa = PBXFileReference; lastKnownFileType = image.png; path = "swipe 背景.png"; sourceTree = "<group>"; };
		65D634D61B71EAED001D6676 /* swipe背景2.png */ = {isa = PBXFileReference; lastKnownFileType = image.png; path = "swipe背景2.png"; sourceTree = "<group>"; };
		65D634D81B71EC69001D6676 /* swipe背景2(1).png */ = {isa = PBXFileReference; lastKnownFileType = image.png; path = "swipe背景2(1).png"; sourceTree = "<group>"; };
		65D634DA1B7251F8001D6676 /* swipe1(3).png */ = {isa = PBXFileReference; lastKnownFileType = image.png; path = "swipe1(3).png"; sourceTree = "<group>"; };
		65D634DB1B7251F8001D6676 /* swipe背景2(2).png */ = {isa = PBXFileReference; lastKnownFileType = image.png; path = "swipe背景2(2).png"; sourceTree = "<group>"; };
		65DD0AE91BBD6DED00852464 /* オリジナルアプリ-ホーム.png */ = {isa = PBXFileReference; lastKnownFileType = image.png; path = "オリジナルアプリ-ホーム.png"; sourceTree = "<group>"; };
		65EF955A1BB7BFA00001308E /* Main.storyboard */ = {isa = PBXFileReference; fileEncoding = 4; lastKnownFileType = file.storyboard; path = Main.storyboard; sourceTree = "<group>"; };
		9CF8EC29AB6E195796A33E52 /* Pods_SwipeTest.framework */ = {isa = PBXFileReference; explicitFileType = wrapper.framework; includeInIndex = 0; path = Pods_SwipeTest.framework; sourceTree = BUILT_PRODUCTS_DIR; };
		FE06061B3878EC927430AE81 /* Pods-SwipeTest.release.xcconfig */ = {isa = PBXFileReference; includeInIndex = 1; lastKnownFileType = text.xcconfig; name = "Pods-SwipeTest.release.xcconfig"; path = "Pods/Target Support Files/Pods-SwipeTest/Pods-SwipeTest.release.xcconfig"; sourceTree = "<group>"; };
/* End PBXFileReference section */

/* Begin PBXFrameworksBuildPhase section */
		65CAB88C1B6DFEC90073C9BE /* Frameworks */ = {
			isa = PBXFrameworksBuildPhase;
			buildActionMask = 2147483647;
			files = (
				5318C34C00A4AEB003333B55 /* Pods_SwipeTest.framework in Frameworks */,
			);
			runOnlyForDeploymentPostprocessing = 0;
		};
		65CAB8A11B6DFEC90073C9BE /* Frameworks */ = {
			isa = PBXFrameworksBuildPhase;
			buildActionMask = 2147483647;
			files = (
			);
			runOnlyForDeploymentPostprocessing = 0;
		};
/* End PBXFrameworksBuildPhase section */

/* Begin PBXGroup section */
		487C4FF81D7F21B947F20D24 /* Frameworks */ = {
			isa = PBXGroup;
			children = (
				9CF8EC29AB6E195796A33E52 /* Pods_SwipeTest.framework */,
			);
			name = Frameworks;
			sourceTree = "<group>";
		};
		5EE0514FCFF1E32839DA12BE /* Pods */ = {
			isa = PBXGroup;
			children = (
				16FDCDEAB0AFA17738BD3117 /* Pods-SwipeTest.debug.xcconfig */,
				FE06061B3878EC927430AE81 /* Pods-SwipeTest.release.xcconfig */,
			);
			name = Pods;
			sourceTree = "<group>";
		};
		650A19341CCCA71D0034E300 /* StoryboardHelper-master */ = {
			isa = PBXGroup;
			children = (
				650A19351CCCA71D0034E300 /* .gitignore */,
				650A19361CCCA71D0034E300 /* Defaults */,
				650A193A1CCCA71D0034E300 /* README.md */,
				650A193B1CCCA71D0034E300 /* StoryboardHelper.swift */,
			);
			path = "StoryboardHelper-master";
			sourceTree = "<group>";
		};
		650A19361CCCA71D0034E300 /* Defaults */ = {
			isa = PBXGroup;
			children = (
				650A19371CCCA71D0034E300 /* Default-568h@2x.png */,
				650A19381CCCA71D0034E300 /* Default-667h@2x.png */,
				650A19391CCCA71D0034E300 /* Default-736h@3x.png */,
			);
			path = Defaults;
			sourceTree = "<group>";
		};
		659DDE5A1D168EBF009BC045 /* ios */ = {
			isa = PBXGroup;
			children = (
				659DDE5B1D168EBF009BC045 /* AppIcon.appiconset */,
				659DDE681D168EBF009BC045 /* Icon-60.png */,
				659DDE691D168EBF009BC045 /* Icon-72.png */,
				659DDE6A1D168EBF009BC045 /* Icon-72@2x.png */,
				659DDE6B1D168EBF009BC045 /* Icon-Small-50.png */,
				659DDE6C1D168EBF009BC045 /* Icon-Small-50@2x.png */,
				659DDE6D1D168EBF009BC045 /* Icon.png */,
				659DDE6E1D168EBF009BC045 /* Icon@2x.png */,
				659DDE6F1D168EBF009BC045 /* iTunesArtwork.png */,
				659DDE701D168EBF009BC045 /* iTunesArtwork@2x.png */,
			);
			path = ios;
			sourceTree = "<group>";
		};
		659DDE5B1D168EBF009BC045 /* AppIcon.appiconset */ = {
			isa = PBXGroup;
			children = (
				659DDE5C1D168EBF009BC045 /* Contents.json */,
				659DDE5D1D168EBF009BC045 /* Icon-40.png */,
				659DDE5E1D168EBF009BC045 /* Icon-40@2x.png */,
				659DDE5F1D168EBF009BC045 /* Icon-40@3x.png */,
				659DDE601D168EBF009BC045 /* Icon-60@2x.png */,
				659DDE611D168EBF009BC045 /* Icon-60@3x.png */,
				659DDE621D168EBF009BC045 /* Icon-76.png */,
				659DDE631D168EBF009BC045 /* Icon-76@2x.png */,
				659DDE641D168EBF009BC045 /* Icon-83.5@2x.png */,
				659DDE651D168EBF009BC045 /* Icon-Small.png */,
				659DDE661D168EBF009BC045 /* Icon-Small@2x.png */,
				659DDE671D168EBF009BC045 /* Icon-Small@3x.png */,
			);
			path = AppIcon.appiconset;
			sourceTree = "<group>";
		};
		65A602731C016269006B380D /* Images */ = {
			isa = PBXGroup;
			children = (
				65D634D41B71E6F9001D6676 /* swipe 背景.png */,
				65D634DA1B7251F8001D6676 /* swipe1(3).png */,
				65D634D81B71EC69001D6676 /* swipe背景2(1).png */,
				65D634DB1B7251F8001D6676 /* swipe背景2(2).png */,
				65D634D61B71EAED001D6676 /* swipe背景2.png */,
				65DD0AE91BBD6DED00852464 /* オリジナルアプリ-ホーム.png */,
				6574FDA21BC9F3530057FDAB /* オリジナルアプリ-背景.png */,
				6574FDA41BCA21550057FDAB /* オリジナルアプリ-背景2.png */,
			);
			path = Images;
			sourceTree = "<group>";
		};
		65A9D03A1C01A4C400C3BFCB /* Views */ = {
			isa = PBXGroup;
			children = (
				65A9D03B1C01A4C400C3BFCB /* CardView.swift */,
				65A9D03C1C01A4C400C3BFCB /* OverlayView.xib */,
			);
			path = Views;
			sourceTree = "<group>";
		};
		65CAB8861B6DFEC90073C9BE = {
			isa = PBXGroup;
			children = (
				65CAB8901B6DFEC90073C9BE /* Products */,
				65CAB8911B6DFEC90073C9BE /* SwipeTest */,
				65CAB8A71B6DFEC90073C9BE /* SwipeTestTests */,
				5EE0514FCFF1E32839DA12BE /* Pods */,
				487C4FF81D7F21B947F20D24 /* Frameworks */,
			);
			sourceTree = "<group>";
		};
		65CAB8901B6DFEC90073C9BE /* Products */ = {
			isa = PBXGroup;
			children = (
				65CAB88F1B6DFEC90073C9BE /* SwipeTest.app */,
				65CAB8A41B6DFEC90073C9BE /* SwipeTestTests.xctest */,
			);
			name = Products;
			sourceTree = "<group>";
		};
		65CAB8911B6DFEC90073C9BE /* SwipeTest */ = {
			isa = PBXGroup;
			children = (
				659DDE5A1D168EBF009BC045 /* ios */,
				6569E6451D14127200CA5010 /* send-2.png */,
				6569C88B1D14057E00CA5010 /* checked-2.png */,
				6569C8891D0ADDE900CA5010 /* garbage-2.png */,
				6569C8871D0ADDAD00CA5010 /* folder-4.png */,
				6569C8791D0ADBC600CA5010 /* picture.png */,
				6569C87A1D0ADBC600CA5010 /* photo-camera.png */,
				6569C87B1D0ADBC600CA5010 /* garbage.png */,
				6569C87C1D0ADBC600CA5010 /* checked.png */,
				6569C87D1D0ADBC600CA5010 /* folder-3.png */,
				6569C87E1D0ADBC600CA5010 /* send.png */,
				6569C87F1D0ADBC600CA5010 /* folder-2.png */,
				65A9D03A1C01A4C400C3BFCB /* Views */,
				65A602731C016269006B380D /* Images */,
				65CAB8921B6DFEC90073C9BE /* Supporting Files */,
				65CAB8941B6DFEC90073C9BE /* AppDelegate.swift */,
				650A19421CCCA7DC0034E300 /* 3.5inch.Storyboard */,
				65CAB8B41B7094E90073C9BE /* CompareViewController.swift */,
				65CAB89B1B6DFEC90073C9BE /* Images.xcassets */,
				65EF955A1BB7BFA00001308E /* Main.storyboard */,
				6574FDA81BCA2DB10057FDAB /* SecondViewController.swift */,
				65CAB8961B6DFEC90073C9BE /* ViewController.swift */,
			);
			path = SwipeTest;
			sourceTree = "<group>";
		};
		65CAB8921B6DFEC90073C9BE /* Supporting Files */ = {
			isa = PBXGroup;
			children = (
				650A19341CCCA71D0034E300 /* StoryboardHelper-master */,
				65CAB8931B6DFEC90073C9BE /* Info.plist */,
			);
			path = "Supporting Files";
			sourceTree = "<group>";
		};
		65CAB8A71B6DFEC90073C9BE /* SwipeTestTests */ = {
			isa = PBXGroup;
			children = (
				65CAB8A81B6DFEC90073C9BE /* Supporting Files */,
				65CAB8AA1B6DFEC90073C9BE /* SwipeTestTests.swift */,
			);
			path = SwipeTestTests;
			sourceTree = "<group>";
		};
		65CAB8A81B6DFEC90073C9BE /* Supporting Files */ = {
			isa = PBXGroup;
			children = (
				65CAB8A91B6DFEC90073C9BE /* Info.plist */,
			);
			path = "Supporting Files";
			sourceTree = "<group>";
		};
/* End PBXGroup section */

/* Begin PBXNativeTarget section */
		65CAB88E1B6DFEC90073C9BE /* SwipeTest */ = {
			isa = PBXNativeTarget;
			buildConfigurationList = 65CAB8AE1B6DFEC90073C9BE /* Build configuration list for PBXNativeTarget "SwipeTest" */;
			buildPhases = (
				C668A5B591E0240D07506970 /* Check Pods Manifest.lock */,
				65CAB88B1B6DFEC90073C9BE /* Sources */,
				65CAB88C1B6DFEC90073C9BE /* Frameworks */,
				65CAB88D1B6DFEC90073C9BE /* Resources */,
				D54BD1A740A72BB92F9C16C2 /* Embed Pods Frameworks */,
				F99117165C9514986DADBCB9 /* Copy Pods Resources */,
			);
			buildRules = (
			);
			dependencies = (
			);
			name = SwipeTest;
			productName = SwipeTest;
			productReference = 65CAB88F1B6DFEC90073C9BE /* SwipeTest.app */;
			productType = "com.apple.product-type.application";
		};
		65CAB8A31B6DFEC90073C9BE /* SwipeTestTests */ = {
			isa = PBXNativeTarget;
			buildConfigurationList = 65CAB8B11B6DFEC90073C9BE /* Build configuration list for PBXNativeTarget "SwipeTestTests" */;
			buildPhases = (
				65CAB8A01B6DFEC90073C9BE /* Sources */,
				65CAB8A11B6DFEC90073C9BE /* Frameworks */,
				65CAB8A21B6DFEC90073C9BE /* Resources */,
			);
			buildRules = (
			);
			dependencies = (
				65CAB8A61B6DFEC90073C9BE /* PBXTargetDependency */,
			);
			name = SwipeTestTests;
			productName = SwipeTestTests;
			productReference = 65CAB8A41B6DFEC90073C9BE /* SwipeTestTests.xctest */;
			productType = "com.apple.product-type.bundle.unit-test";
		};
/* End PBXNativeTarget section */

/* Begin PBXProject section */
		65CAB8871B6DFEC90073C9BE /* Project object */ = {
			isa = PBXProject;
			attributes = {
				LastSwiftMigration = 0710;
				LastSwiftUpdateCheck = 0710;
				LastUpgradeCheck = 0710;
				ORGANIZATIONNAME = "Ayano Ohya";
				TargetAttributes = {
					65CAB88E1B6DFEC90073C9BE = {
						CreatedOnToolsVersion = 6.4;
						DevelopmentTeam = C6AY86G9DF;
					};
					65CAB8A31B6DFEC90073C9BE = {
						CreatedOnToolsVersion = 6.4;
						TestTargetID = 65CAB88E1B6DFEC90073C9BE;
					};
				};
			};
			buildConfigurationList = 65CAB88A1B6DFEC90073C9BE /* Build configuration list for PBXProject "SwipeTest" */;
			compatibilityVersion = "Xcode 3.2";
			developmentRegion = English;
			hasScannedForEncodings = 0;
			knownRegions = (
				en,
				Base,
			);
			mainGroup = 65CAB8861B6DFEC90073C9BE;
			productRefGroup = 65CAB8901B6DFEC90073C9BE /* Products */;
			projectDirPath = "";
			projectRoot = "";
			targets = (
				65CAB88E1B6DFEC90073C9BE /* SwipeTest */,
				65CAB8A31B6DFEC90073C9BE /* SwipeTestTests */,
			);
		};
/* End PBXProject section */

/* Begin PBXResourcesBuildPhase section */
		65CAB88D1B6DFEC90073C9BE /* Resources */ = {
			isa = PBXResourcesBuildPhase;
			buildActionMask = 2147483647;
			files = (
				65A9D03E1C01A4C400C3BFCB /* OverlayView.xib in Resources */,
				650A19431CCCA7DC0034E300 /* 3.5inch.Storyboard in Resources */,
				65D634DD1B7251F8001D6676 /* swipe背景2(2).png in Resources */,
				6569E6461D14127200CA5010 /* send-2.png in Resources */,
				6569C88A1D0ADDE900CA5010 /* garbage-2.png in Resources */,
				659DDE841D168EBF009BC045 /* Icon@2x.png in Resources */,
				6569C8851D0ADBC600CA5010 /* send.png in Resources */,
				6569C8881D0ADDAD00CA5010 /* folder-4.png in Resources */,
				659DDE761D168EBF009BC045 /* Icon-60@2x.png in Resources */,
				650A193F1CCCA71D0034E300 /* Default-736h@3x.png in Resources */,
				65D634D51B71E6F9001D6676 /* swipe 背景.png in Resources */,
				659DDE821D168EBF009BC045 /* Icon-Small-50@2x.png in Resources */,
				659DDE7E1D168EBF009BC045 /* Icon-60.png in Resources */,
				659DDE741D168EBF009BC045 /* Icon-40@2x.png in Resources */,
				6569C8831D0ADBC600CA5010 /* checked.png in Resources */,
				65D634DC1B7251F8001D6676 /* swipe1(3).png in Resources */,
				659DDE801D168EBF009BC045 /* Icon-72@2x.png in Resources */,
				6569C8841D0ADBC600CA5010 /* folder-3.png in Resources */,
				6569C8861D0ADBC600CA5010 /* folder-2.png in Resources */,
				659DDE861D168EBF009BC045 /* iTunesArtwork@2x.png in Resources */,
				659DDE7B1D168EBF009BC045 /* Icon-Small.png in Resources */,
				650A193C1CCCA71D0034E300 /* .gitignore in Resources */,
				6569C8811D0ADBC600CA5010 /* photo-camera.png in Resources */,
				6569C88C1D14057E00CA5010 /* checked-2.png in Resources */,
				659DDE791D168EBF009BC045 /* Icon-76@2x.png in Resources */,
				6574FDA51BCA21550057FDAB /* オリジナルアプリ-背景2.png in Resources */,
				659DDE851D168EBF009BC045 /* iTunesArtwork.png in Resources */,
				659DDE7C1D168EBF009BC045 /* Icon-Small@2x.png in Resources */,
				659DDE751D168EBF009BC045 /* Icon-40@3x.png in Resources */,
				6569C8821D0ADBC600CA5010 /* garbage.png in Resources */,
				659DDE831D168EBF009BC045 /* Icon.png in Resources */,
				659DDE771D168EBF009BC045 /* Icon-60@3x.png in Resources */,
				65CAB89C1B6DFEC90073C9BE /* Images.xcassets in Resources */,
				65EF955B1BB7BFA00001308E /* Main.storyboard in Resources */,
				659DDE7D1D168EBF009BC045 /* Icon-Small@3x.png in Resources */,
				65D634D71B71EAED001D6676 /* swipe背景2.png in Resources */,
				650A193E1CCCA71D0034E300 /* Default-667h@2x.png in Resources */,
				650A193D1CCCA71D0034E300 /* Default-568h@2x.png in Resources */,
				659DDE731D168EBF009BC045 /* Icon-40.png in Resources */,
				659DDE7A1D168EBF009BC045 /* Icon-83.5@2x.png in Resources */,
				659DDE811D168EBF009BC045 /* Icon-Small-50.png in Resources */,
				65D634D91B71EC69001D6676 /* swipe背景2(1).png in Resources */,
				659DDE781D168EBF009BC045 /* Icon-76.png in Resources */,
				659DDE7F1D168EBF009BC045 /* Icon-72.png in Resources */,
				6574FDA31BC9F3530057FDAB /* オリジナルアプリ-背景.png in Resources */,
				6569C8801D0ADBC600CA5010 /* picture.png in Resources */,
				65DD0AEA1BBD6DED00852464 /* オリジナルアプリ-ホーム.png in Resources */,
				659DDE721D168EBF009BC045 /* Contents.json in Resources */,
			);
			runOnlyForDeploymentPostprocessing = 0;
		};
		65CAB8A21B6DFEC90073C9BE /* Resources */ = {
			isa = PBXResourcesBuildPhase;
			buildActionMask = 2147483647;
			files = (
			);
			runOnlyForDeploymentPostprocessing = 0;
		};
/* End PBXResourcesBuildPhase section */

/* Begin PBXShellScriptBuildPhase section */
		C668A5B591E0240D07506970 /* Check Pods Manifest.lock */ = {
			isa = PBXShellScriptBuildPhase;
			buildActionMask = 2147483647;
			files = (
			);
			inputPaths = (
			);
			name = "Check Pods Manifest.lock";
			outputPaths = (
			);
			runOnlyForDeploymentPostprocessing = 0;
			shellPath = /bin/sh;
			shellScript = "diff \"${PODS_ROOT}/../Podfile.lock\" \"${PODS_ROOT}/Manifest.lock\" > /dev/null\nif [[ $? != 0 ]] ; then\n    cat << EOM\nerror: The sandbox is not in sync with the Podfile.lock. Run 'pod install' or update your CocoaPods installation.\nEOM\n    exit 1\nfi\n";
			showEnvVarsInLog = 0;
		};
		D54BD1A740A72BB92F9C16C2 /* Embed Pods Frameworks */ = {
			isa = PBXShellScriptBuildPhase;
			buildActionMask = 2147483647;
			files = (
			);
			inputPaths = (
			);
			name = "Embed Pods Frameworks";
			outputPaths = (
			);
			runOnlyForDeploymentPostprocessing = 0;
			shellPath = /bin/sh;
			shellScript = "\"${SRCROOT}/Pods/Target Support Files/Pods-SwipeTest/Pods-SwipeTest-frameworks.sh\"\n";
			showEnvVarsInLog = 0;
		};
		F99117165C9514986DADBCB9 /* Copy Pods Resources */ = {
			isa = PBXShellScriptBuildPhase;
			buildActionMask = 2147483647;
			files = (
			);
			inputPaths = (
			);
			name = "Copy Pods Resources";
			outputPaths = (
			);
			runOnlyForDeploymentPostprocessing = 0;
			shellPath = /bin/sh;
			shellScript = "\"${SRCROOT}/Pods/Target Support Files/Pods-SwipeTest/Pods-SwipeTest-resources.sh\"\n";
			showEnvVarsInLog = 0;
		};
/* End PBXShellScriptBuildPhase section */

/* Begin PBXSourcesBuildPhase section */
		65CAB88B1B6DFEC90073C9BE /* Sources */ = {
			isa = PBXSourcesBuildPhase;
			buildActionMask = 2147483647;
			files = (
				650A19401CCCA71D0034E300 /* README.md in Sources */,
				6574FDA91BCA2DB10057FDAB /* SecondViewController.swift in Sources */,
				65CAB8B51B7094E90073C9BE /* CompareViewController.swift in Sources */,
				65CAB8971B6DFEC90073C9BE /* ViewController.swift in Sources */,
				65CAB8951B6DFEC90073C9BE /* AppDelegate.swift in Sources */,
				650A19411CCCA71D0034E300 /* StoryboardHelper.swift in Sources */,
				65A9D03D1C01A4C400C3BFCB /* CardView.swift in Sources */,
			);
			runOnlyForDeploymentPostprocessing = 0;
		};
		65CAB8A01B6DFEC90073C9BE /* Sources */ = {
			isa = PBXSourcesBuildPhase;
			buildActionMask = 2147483647;
			files = (
				65CAB8AB1B6DFEC90073C9BE /* SwipeTestTests.swift in Sources */,
			);
			runOnlyForDeploymentPostprocessing = 0;
		};
/* End PBXSourcesBuildPhase section */

/* Begin PBXTargetDependency section */
		65CAB8A61B6DFEC90073C9BE /* PBXTargetDependency */ = {
			isa = PBXTargetDependency;
			target = 65CAB88E1B6DFEC90073C9BE /* SwipeTest */;
			targetProxy = 65CAB8A51B6DFEC90073C9BE /* PBXContainerItemProxy */;
		};
/* End PBXTargetDependency section */

/* Begin XCBuildConfiguration section */
		65CAB8AC1B6DFEC90073C9BE /* Debug */ = {
			isa = XCBuildConfiguration;
			buildSettings = {
				ALWAYS_SEARCH_USER_PATHS = NO;
				CLANG_CXX_LANGUAGE_STANDARD = "gnu++0x";
				CLANG_CXX_LIBRARY = "libc++";
				CLANG_ENABLE_MODULES = YES;
				CLANG_ENABLE_OBJC_ARC = YES;
				CLANG_WARN_BOOL_CONVERSION = YES;
				CLANG_WARN_CONSTANT_CONVERSION = YES;
				CLANG_WARN_DIRECT_OBJC_ISA_USAGE = YES_ERROR;
				CLANG_WARN_EMPTY_BODY = YES;
				CLANG_WARN_ENUM_CONVERSION = YES;
				CLANG_WARN_INT_CONVERSION = YES;
				CLANG_WARN_OBJC_ROOT_CLASS = YES_ERROR;
				CLANG_WARN_UNREACHABLE_CODE = YES;
				CLANG_WARN__DUPLICATE_METHOD_MATCH = YES;
				"CODE_SIGN_IDENTITY[sdk=iphoneos*]" = "iPhone Developer";
				COPY_PHASE_STRIP = NO;
				DEBUG_INFORMATION_FORMAT = "dwarf-with-dsym";
				ENABLE_STRICT_OBJC_MSGSEND = YES;
				ENABLE_TESTABILITY = YES;
				GCC_C_LANGUAGE_STANDARD = gnu99;
				GCC_DYNAMIC_NO_PIC = NO;
				GCC_NO_COMMON_BLOCKS = YES;
				GCC_OPTIMIZATION_LEVEL = 0;
				GCC_PREPROCESSOR_DEFINITIONS = (
					"DEBUG=1",
					"$(inherited)",
				);
				GCC_SYMBOLS_PRIVATE_EXTERN = NO;
				GCC_WARN_64_TO_32_BIT_CONVERSION = YES;
				GCC_WARN_ABOUT_RETURN_TYPE = YES_ERROR;
				GCC_WARN_UNDECLARED_SELECTOR = YES;
				GCC_WARN_UNINITIALIZED_AUTOS = YES_AGGRESSIVE;
				GCC_WARN_UNUSED_FUNCTION = YES;
				GCC_WARN_UNUSED_VARIABLE = YES;
				IPHONEOS_DEPLOYMENT_TARGET = 8.4;
				MTL_ENABLE_DEBUG_INFO = YES;
				ONLY_ACTIVE_ARCH = YES;
				SDKROOT = iphoneos;
				SWIFT_OPTIMIZATION_LEVEL = "-Onone";
			};
			name = Debug;
		};
		65CAB8AD1B6DFEC90073C9BE /* Release */ = {
			isa = XCBuildConfiguration;
			buildSettings = {
				ALWAYS_SEARCH_USER_PATHS = NO;
				CLANG_CXX_LANGUAGE_STANDARD = "gnu++0x";
				CLANG_CXX_LIBRARY = "libc++";
				CLANG_ENABLE_MODULES = YES;
				CLANG_ENABLE_OBJC_ARC = YES;
				CLANG_WARN_BOOL_CONVERSION = YES;
				CLANG_WARN_CONSTANT_CONVERSION = YES;
				CLANG_WARN_DIRECT_OBJC_ISA_USAGE = YES_ERROR;
				CLANG_WARN_EMPTY_BODY = YES;
				CLANG_WARN_ENUM_CONVERSION = YES;
				CLANG_WARN_INT_CONVERSION = YES;
				CLANG_WARN_OBJC_ROOT_CLASS = YES_ERROR;
				CLANG_WARN_UNREACHABLE_CODE = YES;
				CLANG_WARN__DUPLICATE_METHOD_MATCH = YES;
				"CODE_SIGN_IDENTITY[sdk=iphoneos*]" = "iPhone Developer";
				COPY_PHASE_STRIP = NO;
				DEBUG_INFORMATION_FORMAT = "dwarf-with-dsym";
				ENABLE_NS_ASSERTIONS = NO;
				ENABLE_STRICT_OBJC_MSGSEND = YES;
				GCC_C_LANGUAGE_STANDARD = gnu99;
				GCC_NO_COMMON_BLOCKS = YES;
				GCC_WARN_64_TO_32_BIT_CONVERSION = YES;
				GCC_WARN_ABOUT_RETURN_TYPE = YES_ERROR;
				GCC_WARN_UNDECLARED_SELECTOR = YES;
				GCC_WARN_UNINITIALIZED_AUTOS = YES_AGGRESSIVE;
				GCC_WARN_UNUSED_FUNCTION = YES;
				GCC_WARN_UNUSED_VARIABLE = YES;
				IPHONEOS_DEPLOYMENT_TARGET = 8.4;
				MTL_ENABLE_DEBUG_INFO = NO;
				SDKROOT = iphoneos;
				VALIDATE_PRODUCT = YES;
			};
			name = Release;
		};
		65CAB8AF1B6DFEC90073C9BE /* Debug */ = {
			isa = XCBuildConfiguration;
			baseConfigurationReference = 16FDCDEAB0AFA17738BD3117 /* Pods-SwipeTest.debug.xcconfig */;
			buildSettings = {
				ASSETCATALOG_COMPILER_APPICON_NAME = AppIcon;
				CODE_SIGN_IDENTITY = "iPhone Developer";
				"CODE_SIGN_IDENTITY[sdk=iphoneos*]" = "iPhone Developer";
				INFOPLIST_FILE = "SwipeTest/Supporting Files/Info.plist";
				IPHONEOS_DEPLOYMENT_TARGET = 8.4;
				LD_RUNPATH_SEARCH_PATHS = "$(inherited) @executable_path/Frameworks";
				PRODUCT_BUNDLE_IDENTIFIER = "com.litech.$(PRODUCT_NAME:rfc1034identifier)";
				PRODUCT_NAME = "$(TARGET_NAME)";
				PROVISIONING_PROFILE = "";
			};
			name = Debug;
		};
		65CAB8B01B6DFEC90073C9BE /* Release */ = {
			isa = XCBuildConfiguration;
			baseConfigurationReference = FE06061B3878EC927430AE81 /* Pods-SwipeTest.release.xcconfig */;
			buildSettings = {
				ASSETCATALOG_COMPILER_APPICON_NAME = AppIcon;
				CODE_SIGN_IDENTITY = "iPhone Developer";
				"CODE_SIGN_IDENTITY[sdk=iphoneos*]" = "iPhone Developer";
				INFOPLIST_FILE = "SwipeTest/Supporting Files/Info.plist";
				IPHONEOS_DEPLOYMENT_TARGET = 8.4;
				LD_RUNPATH_SEARCH_PATHS = "$(inherited) @executable_path/Frameworks";
				PRODUCT_BUNDLE_IDENTIFIER = "com.litech.$(PRODUCT_NAME:rfc1034identifier)";
				PRODUCT_NAME = "$(TARGET_NAME)";
				PROVISIONING_PROFILE = "";
			};
			name = Release;
		};
		65CAB8B21B6DFEC90073C9BE /* Debug */ = {
			isa = XCBuildConfiguration;
			buildSettings = {
				BUNDLE_LOADER = "$(TEST_HOST)";
				FRAMEWORK_SEARCH_PATHS = (
					"$(SDKROOT)/Developer/Library/Frameworks",
					"$(inherited)",
				);
				GCC_PREPROCESSOR_DEFINITIONS = (
					"DEBUG=1",
					"$(inherited)",
				);
				INFOPLIST_FILE = "SwipeTestTests/Supporting Files/Info.plist";
				LD_RUNPATH_SEARCH_PATHS = "$(inherited) @executable_path/Frameworks @loader_path/Frameworks";
				PRODUCT_BUNDLE_IDENTIFIER = "com.litech.$(PRODUCT_NAME:rfc1034identifier)";
				PRODUCT_NAME = "$(TARGET_NAME)";
				TEST_HOST = "$(BUILT_PRODUCTS_DIR)/SwipeTest.app/SwipeTest";
			};
			name = Debug;
		};
		65CAB8B31B6DFEC90073C9BE /* Release */ = {
			isa = XCBuildConfiguration;
			buildSettings = {
				BUNDLE_LOADER = "$(TEST_HOST)";
				FRAMEWORK_SEARCH_PATHS = (
					"$(SDKROOT)/Developer/Library/Frameworks",
					"$(inherited)",
				);
				INFOPLIST_FILE = "SwipeTestTests/Supporting Files/Info.plist";
				LD_RUNPATH_SEARCH_PATHS = "$(inherited) @executable_path/Frameworks @loader_path/Frameworks";
				PRODUCT_BUNDLE_IDENTIFIER = "com.litech.$(PRODUCT_NAME:rfc1034identifier)";
				PRODUCT_NAME = "$(TARGET_NAME)";
				TEST_HOST = "$(BUILT_PRODUCTS_DIR)/SwipeTest.app/SwipeTest";
			};
			name = Release;
		};
/* End XCBuildConfiguration section */

/* Begin XCConfigurationList section */
		65CAB88A1B6DFEC90073C9BE /* Build configuration list for PBXProject "SwipeTest" */ = {
			isa = XCConfigurationList;
			buildConfigurations = (
				65CAB8AC1B6DFEC90073C9BE /* Debug */,
				65CAB8AD1B6DFEC90073C9BE /* Release */,
			);
			defaultConfigurationIsVisible = 0;
			defaultConfigurationName = Release;
		};
		65CAB8AE1B6DFEC90073C9BE /* Build configuration list for PBXNativeTarget "SwipeTest" */ = {
			isa = XCConfigurationList;
			buildConfigurations = (
				65CAB8AF1B6DFEC90073C9BE /* Debug */,
				65CAB8B01B6DFEC90073C9BE /* Release */,
			);
			defaultConfigurationIsVisible = 0;
			defaultConfigurationName = Release;
		};
		65CAB8B11B6DFEC90073C9BE /* Build configuration list for PBXNativeTarget "SwipeTestTests" */ = {
			isa = XCConfigurationList;
			buildConfigurations = (
				65CAB8B21B6DFEC90073C9BE /* Debug */,
				65CAB8B31B6DFEC90073C9BE /* Release */,
			);
			defaultConfigurationIsVisible = 0;
			defaultConfigurationName = Release;
		};
/* End XCConfigurationList section */
	};
	rootObject = 65CAB8871B6DFEC90073C9BE /* Project object */;
}
